
Microsoft Visual Studio Solution File, Format Version 12.00
# Visual Studio Version 17
VisualStudioVersion = 17.7.34009.444
MinimumVisualStudioVersion = 10.0.40219.1
Project("{9A19103F-16F7-4668-BE54-9A1E7A4F7556}") = "RandomBuff", "RandomBuff\RandomBuff.csproj", "{F2CDBD63-1794-46A5-8F5D-419E0B972037}"
EndProject
Project("{9A19103F-16F7-4668-BE54-9A1E7A4F7556}") = "BuiltinBuffs", "BuildInBuff\BuiltinBuffs.csproj", "{87A10DD2-89F9-46F9-BA59-39E5AE589DE9}"
EndProject
Project("{9A19103F-16F7-4668-BE54-9A1E7A4F7556}") = "RandomBuffUtils", "RandomBuffUtils\RandomBuffUtils.csproj", "{41F723CA-B0DF-4FBA-BFE2-CE0BFAB0E9CB}"
EndProject
Project("{9A19103F-16F7-4668-BE54-9A1E7A4F7556}") = "MultiLayerHelper", "MultiLayerHelper\MultiLayerHelper.csproj", "{0D357823-B874-414F-993F-11B12876FB03}"
EndProject
Project("{9A19103F-16F7-4668-BE54-9A1E7A4F7556}") = "ExpeditionExtend", "ExpeditionExtend\ExpeditionExtend.csproj", "{8EAD9E8E-ADA4-416C-A873-97E04695A539}"
EndProject
Project("{FAE04EC0-301F-11D3-BF4B-00C04F79EFBC}") = "BombExpand", "BombExpand\BombExpand.csproj", "{21660840-2285-491C-BD29-3385C4567CF7}"
EndProject
Global
	GlobalSection(SolutionConfigurationPlatforms) = preSolution
		Debug|Any CPU = Debug|Any CPU
		Release|Any CPU = Release|Any CPU
	EndGlobalSection
	GlobalSection(ProjectConfigurationPlatforms) = postSolution
		{F2CDBD63-1794-46A5-8F5D-419E0B972037}.Debug|Any CPU.ActiveCfg = Debug|Any CPU
		{F2CDBD63-1794-46A5-8F5D-419E0B972037}.Debug|Any CPU.Build.0 = Debug|Any CPU
		{F2CDBD63-1794-46A5-8F5D-419E0B972037}.Release|Any CPU.ActiveCfg = Release|Any CPU
		{F2CDBD63-1794-46A5-8F5D-419E0B972037}.Release|Any CPU.Build.0 = Release|Any CPU
		{87A10DD2-89F9-46F9-BA59-39E5AE589DE9}.Debug|Any CPU.ActiveCfg = Debug|Any CPU
		{87A10DD2-89F9-46F9-BA59-39E5AE589DE9}.Debug|Any CPU.Build.0 = Debug|Any CPU
		{87A10DD2-89F9-46F9-BA59-39E5AE589DE9}.Release|Any CPU.ActiveCfg = Release|Any CPU
		{87A10DD2-89F9-46F9-BA59-39E5AE589DE9}.Release|Any CPU.Build.0 = Release|Any CPU
		{41F723CA-B0DF-4FBA-BFE2-CE0BFAB0E9CB}.Debug|Any CPU.ActiveCfg = Debug|Any CPU
		{41F723CA-B0DF-4FBA-BFE2-CE0BFAB0E9CB}.Debug|Any CPU.Build.0 = Debug|Any CPU
		{41F723CA-B0DF-4FBA-BFE2-CE0BFAB0E9CB}.Release|Any CPU.ActiveCfg = Release|Any CPU
		{41F723CA-B0DF-4FBA-BFE2-CE0BFAB0E9CB}.Release|Any CPU.Build.0 = Release|Any CPU
		{0D357823-B874-414F-993F-11B12876FB03}.Debug|Any CPU.ActiveCfg = Debug|Any CPU
		{0D357823-B874-414F-993F-11B12876FB03}.Debug|Any CPU.Build.0 = Debug|Any CPU
		{0D357823-B874-414F-993F-11B12876FB03}.Release|Any CPU.ActiveCfg = Release|Any CPU
		{0D357823-B874-414F-993F-11B12876FB03}.Release|Any CPU.Build.0 = Release|Any CPU
		{8EAD9E8E-ADA4-416C-A873-97E04695A539}.Debug|Any CPU.ActiveCfg = Debug|Any CPU
		{8EAD9E8E-ADA4-416C-A873-97E04695A539}.Debug|Any CPU.Build.0 = Debug|Any CPU
		{8EAD9E8E-ADA4-416C-A873-97E04695A539}.Release|Any CPU.ActiveCfg = Release|Any CPU
		{8EAD9E8E-ADA4-416C-A873-97E04695A539}.Release|Any CPU.Build.0 = Release|Any CPU
		{21660840-2285-491C-BD29-3385C4567CF7}.Debug|Any CPU.ActiveCfg = Debug|Any CPU
		{21660840-2285-491C-BD29-3385C4567CF7}.Debug|Any CPU.Build.0 = Debug|Any CPU
		{21660840-2285-491C-BD29-3385C4567CF7}.Release|Any CPU.ActiveCfg = Release|Any CPU
		{21660840-2285-491C-BD29-3385C4567CF7}.Release|Any CPU.Build.0 = Release|Any CPU
	EndGlobalSection
	GlobalSection(SolutionProperties) = preSolution
		HideSolutionNode = FALSE
	EndGlobalSection
	GlobalSection(ExtensibilityGlobals) = postSolution
		SolutionGuid = {7D224617-9995-4822-855E-0BD55F78E00A}
	EndGlobalSection
EndGlobal
