
Microsoft Visual Studio Solution File, Format Version 12.00
# Visual Studio Version 17
VisualStudioVersion = 17.5.002.0
MinimumVisualStudioVersion = 10.0.40219.1
Project("{9A19103F-16F7-4668-BE54-9A1E7A4F7556}") = "BuiltinBuffs", "BuiltinBuffs.csproj", "{AC858FB3-B653-498A-9DEB-3AC8BDEF02E6}"
EndProject
Global
	GlobalSection(SolutionConfigurationPlatforms) = preSolution
		Debug|Any CPU = Debug|Any CPU
		Release|Any CPU = Release|Any CPU
	EndGlobalSection
	GlobalSection(ProjectConfigurationPlatforms) = postSolution
		{AC858FB3-B653-498A-9DEB-3AC8BDEF02E6}.Debug|Any CPU.ActiveCfg = Debug|Any CPU
		{AC858FB3-B653-498A-9DEB-3AC8BDEF02E6}.Debug|Any CPU.Build.0 = Debug|Any CPU
		{AC858FB3-B653-498A-9DEB-3AC8BDEF02E6}.Release|Any CPU.ActiveCfg = Release|Any CPU
		{AC858FB3-B653-498A-9DEB-3AC8BDEF02E6}.Release|Any CPU.Build.0 = Release|Any CPU
	EndGlobalSection
	GlobalSection(SolutionProperties) = preSolution
		HideSolutionNode = FALSE
	EndGlobalSection
	GlobalSection(ExtensibilityGlobals) = postSolution
		SolutionGuid = {4C175F41-D5F3-41B8-B9EB-A3D8A8728426}
	EndGlobalSection
EndGlobal
